#
# This file is autogenerated by pip-compile with Python 3.12
# by the following command:
#
#    pip-compile --output-file=requirements.lock requirements.txt
#
alembic==1.16.4
    # via flask-migrate
blinker==1.9.0
    # via flask
cffi==1.17.1
    # via cryptography
click==8.2.1
    # via flask
cryptography==45.0.5
    # via -r requirements.txt
deprecated==1.2.18
    # via limits
flask==3.1.1
    # via
    #   -r requirements.txt
    #   flask-jwt-extended
    #   flask-limiter
    #   flask-migrate
    #   flask-sqlalchemy
flask-jwt-extended==4.6.0
    # via -r requirements.txt
flask-limiter==3.12
    # via -r requirements.txt
flask-migrate==4.1.0
    # via -r requirements.txt
flask-sqlalchemy==3.1.1
    # via
    #   -r requirements.txt
    #   flask-migrate
greenlet==3.2.3
    # via sqlalchemy
gunicorn==23.0.0
    # via -r requirements.txt
itsdangerous==2.2.0
    # via flask
jinja2==3.1.6
    # via flask
limits==5.4.0
    # via flask-limiter
mako==1.3.10
    # via alembic
markdown-it-py==3.0.0
    # via rich
markupsafe==3.0.2
    # via
    #   flask
    #   jinja2
    #   mako
    #   werkzeug
mdurl==0.1.2
    # via markdown-it-py
ordered-set==4.1.0
    # via flask-limiter
packaging==25.0
    # via
    #   gunicorn
    #   limits
psycopg2-binary==2.9.10
    # via -r requirements.txt
pycparser==2.22
    # via cffi
pygments==2.19.2
    # via rich
pyjwt==2.10.1
    # via flask-jwt-extended
pymysql==1.1.1
    # via -r requirements.txt
python-dotenv==1.0.0
    # via -r requirements.txt
redis==5.0.1
    # via -r requirements.txt
rich==13.9.4
    # via flask-limiter
sqlalchemy==2.0.23
    # via
    #   alembic
    #   flask-sqlalchemy
typing-extensions==4.14.0
    # via
    #   alembic
    #   limits
    #   sqlalchemy
werkzeug==3.1.3
    # via
    #   -r requirements.txt
    #   flask
    #   flask-jwt-extended
wrapt==1.17.2
    # via deprecated
