#
# This file is autogenerated by pip-compile with Python 3.11
# by the following command:
#
#    pip-compile --output-file=requirements.lock requirements.txt
#
annotated-types==0.7.0
    # via pydantic
blinker==1.9.0
    # via flask
cffi==1.17.1
    # via cryptography
chardet==5.2.0
    # via reportlab
click==8.2.1
    # via flask
cryptography==41.0.4
    # via -r requirements.txt
deprecated==1.2.18
    # via limits
dnspython==2.7.0
    # via email-validator
email-validator==2.2.0
    # via -r requirements.txt
et-xmlfile==2.0.0
    # via openpyxl
flask==2.3.3
    # via
    #   -r requirements.txt
    #   flask-limiter
    #   flask-sqlalchemy
flask-limiter==3.12
    # via -r requirements.txt
flask-sqlalchemy==3.1.1
    # via -r requirements.txt
greenlet==3.2.3
    # via sqlalchemy
gunicorn==23.0.0
    # via -r requirements.txt
idna==3.10
    # via email-validator
iniconfig==2.1.0
    # via pytest
itsdangerous==2.2.0
    # via flask
jinja2==3.1.6
    # via flask
limits==5.4.0
    # via flask-limiter
markdown-it-py==3.0.0
    # via rich
markupsafe==3.0.2
    # via
    #   jinja2
    #   werkzeug
mdurl==0.1.2
    # via markdown-it-py
openpyxl==3.1.2
    # via -r requirements.txt
ordered-set==4.1.0
    # via flask-limiter
packaging==25.0
    # via
    #   gunicorn
    #   limits
    #   pytest
pillow==11.2.1
    # via reportlab
pluggy==1.6.0
    # via pytest
psycopg2-binary==2.9.10
    # via -r requirements.txt
pycparser==2.22
    # via cffi
pydantic==2.5.3
    # via -r requirements.txt
pydantic-core==2.14.6
    # via pydantic
pygments==2.19.2
    # via
    #   pytest
    #   rich
pyjwt==2.10.1
    # via -r requirements.txt
pymysql==1.1.0
    # via -r requirements.txt
pytest==8.4.1
    # via -r requirements.txt
python-dotenv==1.0.0
    # via -r requirements.txt
redis==5.0.1
    # via -r requirements.txt
reportlab==4.0.8
    # via -r requirements.txt
rich==13.9.4
    # via flask-limiter
sqlalchemy==2.0.23
    # via
    #   -r requirements.txt
    #   flask-sqlalchemy
typing-extensions==4.14.0
    # via
    #   limits
    #   pydantic
    #   pydantic-core
    #   sqlalchemy
werkzeug==2.3.7
    # via
    #   -r requirements.txt
    #   flask
wrapt==1.17.2
    # via deprecated
